
Microsoft Visual Studio Solution File, Format Version 12.00
# Visual Studio Version 17
VisualStudioVersion = 17.8.34322.80
MinimumVisualStudioVersion = 10.0.40219.1
Project("{FAE04EC0-301F-11D3-BF4B-00C04F79EFBC}") = "WebApplicationAPI_Pedido", "WebApplicationAPI_Pedido.csproj", "{3778201A-A999-4977-B651-412DD44F4B96}"
EndProject
Global
	GlobalSection(SolutionConfigurationPlatforms) = preSolution
		Debug|Any CPU = Debug|Any CPU
		Release|Any CPU = Release|Any CPU
	EndGlobalSection
	GlobalSection(ProjectConfigurationPlatforms) = postSolution
		{3778201A-A999-4977-B651-412DD44F4B96}.Debug|Any CPU.ActiveCfg = Debug|Any CPU
		{3778201A-A999-4977-B651-412DD44F4B96}.Debug|Any CPU.Build.0 = Debug|Any CPU
		{3778201A-A999-4977-B651-412DD44F4B96}.Release|Any CPU.ActiveCfg = Release|Any CPU
		{3778201A-A999-4977-B651-412DD44F4B96}.Release|Any CPU.Build.0 = Release|Any CPU
	EndGlobalSection
	GlobalSection(SolutionProperties) = preSolution
		HideSolutionNode = FALSE
	EndGlobalSection
	GlobalSection(ExtensibilityGlobals) = postSolution
		SolutionGuid = {89A601EF-A627-4B09-A327-A8FDF9A70904}
	EndGlobalSection
EndGlobal
